
Microsoft Visual Studio Solution File, Format Version 12.00
# Visual Studio 2012
Project("{FAE04EC0-301F-11D3-BF4B-00C04F79EFBC}") = "Kata", "Kata\Kata.csproj", "{CA6302AB-A19E-44A6-B21D-2F9F2529F019}"
EndProject
Project("{FAE04EC0-301F-11D3-BF4B-00C04F79EFBC}") = "KataTest", "KataTest\KataTest.csproj", "{C846C71F-6CBB-4D5F-A322-76A5A1851B64}"
EndProject
Global
	GlobalSection(SolutionConfigurationPlatforms) = preSolution
		Debug|Any CPU = Debug|Any CPU
		Release|Any CPU = Release|Any CPU
	EndGlobalSection
	GlobalSection(ProjectConfigurationPlatforms) = postSolution
		{CA6302AB-A19E-44A6-B21D-2F9F2529F019}.Debug|Any CPU.ActiveCfg = Debug|Any CPU
		{CA6302AB-A19E-44A6-B21D-2F9F2529F019}.Debug|Any CPU.Build.0 = Debug|Any CPU
		{CA6302AB-A19E-44A6-B21D-2F9F2529F019}.Release|Any CPU.ActiveCfg = Release|Any CPU
		{CA6302AB-A19E-44A6-B21D-2F9F2529F019}.Release|Any CPU.Build.0 = Release|Any CPU
		{C846C71F-6CBB-4D5F-A322-76A5A1851B64}.Debug|Any CPU.ActiveCfg = Debug|Any CPU
		{C846C71F-6CBB-4D5F-A322-76A5A1851B64}.Debug|Any CPU.Build.0 = Debug|Any CPU
		{C846C71F-6CBB-4D5F-A322-76A5A1851B64}.Release|Any CPU.ActiveCfg = Release|Any CPU
		{C846C71F-6CBB-4D5F-A322-76A5A1851B64}.Release|Any CPU.Build.0 = Release|Any CPU
	EndGlobalSection
	GlobalSection(SolutionProperties) = preSolution
		HideSolutionNode = FALSE
	EndGlobalSection
EndGlobal
